// !$*UTF8*$!
{
	archiveVersion = 1;
	classes = {
	};
	objectVersion = 56;
	objects = {

/* Begin PBXBuildFile section */
		EC340E282A0AE29200BF3059 /* PodcastAppApp.swift in Sources */ = {isa = PBXBuildFile; fileRef = EC340E272A0AE29200BF3059 /* PodcastAppApp.swift */; };
		EC340E2A2A0AE29200BF3059 /* ContentView.swift in Sources */ = {isa = PBXBuildFile; fileRef = EC340E292A0AE29200BF3059 /* ContentView.swift */; };
		EC340E2C2A0AE29200BF3059 /* Assets.xcassets in Resources */ = {isa = PBXBuildFile; fileRef = EC340E2B2A0AE29200BF3059 /* Assets.xcassets */; };
		EC340E2F2A0AE29200BF3059 /* Preview Assets.xcassets in Resources */ = {isa = PBXBuildFile; fileRef = EC340E2E2A0AE29200BF3059 /* Preview Assets.xcassets */; };
		EC340E392A0AE29200BF3059 /* PodcastAppTests.swift in Sources */ = {isa = PBXBuildFile; fileRef = EC340E382A0AE29200BF3059 /* PodcastAppTests.swift */; };
		EC340E432A0AE29200BF3059 /* PodcastAppUITests.swift in Sources */ = {isa = PBXBuildFile; fileRef = EC340E422A0AE29200BF3059 /* PodcastAppUITests.swift */; };
		EC340E452A0AE29200BF3059 /* PodcastAppUITestsLaunchTests.swift in Sources */ = {isa = PBXBuildFile; fileRef = EC340E442A0AE29200BF3059 /* PodcastAppUITestsLaunchTests.swift */; };
/* End PBXBuildFile section */

/* Begin PBXContainerItemProxy section */
		EC340E352A0AE29200BF3059 /* PBXContainerItemProxy */ = {
			isa = PBXContainerItemProxy;
			containerPortal = EC340E1C2A0AE29200BF3059 /* Project object */;
			proxyType = 1;
			remoteGlobalIDString = EC340E232A0AE29200BF3059;
			remoteInfo = PodcastApp;
		};
		EC340E3F2A0AE29200BF3059 /* PBXContainerItemProxy */ = {
			isa = PBXContainerItemProxy;
			containerPortal = EC340E1C2A0AE29200BF3059 /* Project object */;
			proxyType = 1;
			remoteGlobalIDString = EC340E232A0AE29200BF3059;
			remoteInfo = PodcastApp;
		};
/* End PBXContainerItemProxy section */

/* Begin PBXFileReference section */
		EC340E242A0AE29200BF3059 /* PodcastApp.app */ = {isa = PBXFileReference; explicitFileType = wrapper.application; includeInIndex = 0; path = PodcastApp.app; sourceTree = BUILT_PRODUCTS_DIR; };
		EC340E272A0AE29200BF3059 /* PodcastAppApp.swift */ = {isa = PBXFileReference; lastKnownFileType = sourcecode.swift; path = PodcastAppApp.swift; sourceTree = "<group>"; };
		EC340E292A0AE29200BF3059 /* ContentView.swift */ = {isa = PBXFileReference; lastKnownFileType = sourcecode.swift; path = ContentView.swift; sourceTree = "<group>"; };
		EC340E2B2A0AE29200BF3059 /* Assets.xcassets */ = {isa = PBXFileReference; lastKnownFileType = folder.assetcatalog; path = Assets.xcassets; sourceTree = "<group>"; };
		EC340E2E2A0AE29200BF3059 /* Preview Assets.xcassets */ = {isa = PBXFileReference; lastKnownFileType = folder.assetcatalog; path = "Preview Assets.xcassets"; sourceTree = "<group>"; };
		EC340E342A0AE29200BF3059 /* PodcastAppTests.xctest */ = {isa = PBXFileReference; explicitFileType = wrapper.cfbundle; includeInIndex = 0; path = PodcastAppTests.xctest; sourceTree = BUILT_PRODUCTS_DIR; };
		EC340E382A0AE29200BF3059 /* PodcastAppTests.swift */ = {isa = PBXFileReference; lastKnownFileType = sourcecode.swift; path = PodcastAppTests.swift; sourceTree = "<group>"; };
		EC340E3E2A0AE29200BF3059 /* PodcastAppUITests.xctest */ = {isa = PBXFileReference; explicitFileType = wrapper.cfbundle; includeInIndex = 0; path = PodcastAppUITests.xctest; sourceTree = BUILT_PRODUCTS_DIR; };
		EC340E422A0AE29200BF3059 /* PodcastAppUITests.swift */ = {isa = PBXFileReference; lastKnownFileType = sourcecode.swift; path = PodcastAppUITests.swift; sourceTree = "<group>"; };
		EC340E442A0AE29200BF3059 /* PodcastAppUITestsLaunchTests.swift */ = {isa = PBXFileReference; lastKnownFileType = sourcecode.swift; path = PodcastAppUITestsLaunchTests.swift; sourceTree = "<group>"; };
/* End PBXFileReference section */

/* Begin PBXFrameworksBuildPhase section */
		EC340E212A0AE29200BF3059 /* Frameworks */ = {
			isa = PBXFrameworksBuildPhase;
			buildActionMask = 2147483647;
			files = (
			);
			runOnlyForDeploymentPostprocessing = 0;
		};
		EC340E312A0AE29200BF3059 /* Frameworks */ = {
			isa = PBXFrameworksBuildPhase;
			buildActionMask = 2147483647;
			files = (
			);
			runOnlyForDeploymentPostprocessing = 0;
		};
		EC340E3B2A0AE29200BF3059 /* Frameworks */ = {
			isa = PBXFrameworksBuildPhase;
			buildActionMask = 2147483647;
			files = (
			);
			runOnlyForDeploymentPostprocessing = 0;
		};
/* End PBXFrameworksBuildPhase section */

/* Begin PBXGroup section */
		EC340E1B2A0AE29200BF3059 = {
			isa = PBXGroup;
			children = (
				EC340E262A0AE29200BF3059 /* PodcastApp */,
				EC340E372A0AE29200BF3059 /* PodcastAppTests */,
				EC340E412A0AE29200BF3059 /* PodcastAppUITests */,
				EC340E252A0AE29200BF3059 /* Products */,
			);
			sourceTree = "<group>";
		};
		EC340E252A0AE29200BF3059 /* Products */ = {
			isa = PBXGroup;
			children = (
				EC340E242A0AE29200BF3059 /* PodcastApp.app */,
				EC340E342A0AE29200BF3059 /* PodcastAppTests.xctest */,
				EC340E3E2A0AE29200BF3059 /* PodcastAppUITests.xctest */,
			);
			name = Products;
			sourceTree = "<group>";
		};
		EC340E262A0AE29200BF3059 /* PodcastApp */ = {
			isa = PBXGroup;
			children = (
				EC340E272A0AE29200BF3059 /* PodcastAppApp.swift */,
				EC340E292A0AE29200BF3059 /* ContentView.swift */,
				EC340E2B2A0AE29200BF3059 /* Assets.xcassets */,
				EC340E2D2A0AE29200BF3059 /* Preview Content */,
			);
			path = PodcastApp;
			sourceTree = "<group>";
		};
		EC340E2D2A0AE29200BF3059 /* Preview Content */ = {
			isa = PBXGroup;
			children = (
				EC340E2E2A0AE29200BF3059 /* Preview Assets.xcassets */,
			);
			path = "Preview Content";
			sourceTree = "<group>";
		};
		EC340E372A0AE29200BF3059 /* PodcastAppTests */ = {
			isa = PBXGroup;
			children = (
				EC340E382A0AE29200BF3059 /* PodcastAppTests.swift */,
			);
			path = PodcastAppTests;
			sourceTree = "<group>";
		};
		EC340E412A0AE29200BF3059 /* PodcastAppUITests */ = {
			isa = PBXGroup;
			children = (
				EC340E422A0AE29200BF3059 /* PodcastAppUITests.swift */,
				EC340E442A0AE29200BF3059 /* PodcastAppUITestsLaunchTests.swift */,
			);
			path = PodcastAppUITests;
			sourceTree = "<group>";
		};
/* End PBXGroup section */

/* Begin PBXNativeTarget section */
		EC340E232A0AE29200BF3059 /* PodcastApp */ = {
			isa = PBXNativeTarget;
			buildConfigurationList = EC340E482A0AE29200BF3059 /* Build configuration list for PBXNativeTarget "PodcastApp" */;
			buildPhases = (
				EC340E202A0AE29200BF3059 /* Sources */,
				EC340E212A0AE29200BF3059 /* Frameworks */,
				EC340E222A0AE29200BF3059 /* Resources */,
			);
			buildRules = (
			);
			dependencies = (
			);
			name = PodcastApp;
			productName = PodcastApp;
			productReference = EC340E242A0AE29200BF3059 /* PodcastApp.app */;
			productType = "com.apple.product-type.application";
		};
		EC340E332A0AE29200BF3059 /* PodcastAppTests */ = {
			isa = PBXNativeTarget;
			buildConfigurationList = EC340E4B2A0AE29200BF3059 /* Build configuration list for PBXNativeTarget "PodcastAppTests" */;
			buildPhases = (
				EC340E302A0AE29200BF3059 /* Sources */,
				EC340E312A0AE29200BF3059 /* Frameworks */,
				EC340E322A0AE29200BF3059 /* Resources */,
			);
			buildRules = (
			);
			dependencies = (
				EC340E362A0AE29200BF3059 /* PBXTargetDependency */,
			);
			name = PodcastAppTests;
			productName = PodcastAppTests;
			productReference = EC340E342A0AE29200BF3059 /* PodcastAppTests.xctest */;
			productType = "com.apple.product-type.bundle.unit-test";
		};
		EC340E3D2A0AE29200BF3059 /* PodcastAppUITests */ = {
			isa = PBXNativeTarget;
			buildConfigurationList = EC340E4E2A0AE29200BF3059 /* Build configuration list for PBXNativeTarget "PodcastAppUITests" */;
			buildPhases = (
				EC340E3A2A0AE29200BF3059 /* Sources */,
				EC340E3B2A0AE29200BF3059 /* Frameworks */,
				EC340E3C2A0AE29200BF3059 /* Resources */,
			);
			buildRules = (
			);
			dependencies = (
				EC340E402A0AE29200BF3059 /* PBXTargetDependency */,
			);
			name = PodcastAppUITests;
			productName = PodcastAppUITests;
			productReference = EC340E3E2A0AE29200BF3059 /* PodcastAppUITests.xctest */;
			productType = "com.apple.product-type.bundle.ui-testing";
		};
/* End PBXNativeTarget section */

/* Begin PBXProject section */
		EC340E1C2A0AE29200BF3059 /* Project object */ = {
			isa = PBXProject;
			attributes = {
				BuildIndependentTargetsInParallel = 1;
				LastSwiftUpdateCheck = 1410;
				LastUpgradeCheck = 1410;
				TargetAttributes = {
					EC340E232A0AE29200BF3059 = {
						CreatedOnToolsVersion = 14.1;
					};
					EC340E332A0AE29200BF3059 = {
						CreatedOnToolsVersion = 14.1;
						TestTargetID = EC340E232A0AE29200BF3059;
					};
					EC340E3D2A0AE29200BF3059 = {
						CreatedOnToolsVersion = 14.1;
						TestTargetID = EC340E232A0AE29200BF3059;
					};
				};
			};
			buildConfigurationList = EC340E1F2A0AE29200BF3059 /* Build configuration list for PBXProject "PodcastApp" */;
			compatibilityVersion = "Xcode 14.0";
			developmentRegion = en;
			hasScannedForEncodings = 0;
			knownRegions = (
				en,
				Base,
			);
			mainGroup = EC340E1B2A0AE29200BF3059;
			productRefGroup = EC340E252A0AE29200BF3059 /* Products */;
			projectDirPath = "";
			projectRoot = "";
			targets = (
				EC340E232A0AE29200BF3059 /* PodcastApp */,
				EC340E332A0AE29200BF3059 /* PodcastAppTests */,
				EC340E3D2A0AE29200BF3059 /* PodcastAppUITests */,
			);
		};
/* End PBXProject section */

/* Begin PBXResourcesBuildPhase section */
		EC340E222A0AE29200BF3059 /* Resources */ = {
			isa = PBXResourcesBuildPhase;
			buildActionMask = 2147483647;
			files = (
				EC340E2F2A0AE29200BF3059 /* Preview Assets.xcassets in Resources */,
				EC340E2C2A0AE29200BF3059 /* Assets.xcassets in Resources */,
			);
			runOnlyForDeploymentPostprocessing = 0;
		};
		EC340E322A0AE29200BF3059 /* Resources */ = {
			isa = PBXResourcesBuildPhase;
			buildActionMask = 2147483647;
			files = (
			);
			runOnlyForDeploymentPostprocessing = 0;
		};
		EC340E3C2A0AE29200BF3059 /* Resources */ = {
			isa = PBXResourcesBuildPhase;
			buildActionMask = 2147483647;
			files = (
			);
			runOnlyForDeploymentPostprocessing = 0;
		};
/* End PBXResourcesBuildPhase section */

/* Begin PBXSourcesBuildPhase section */
		EC340E202A0AE29200BF3059 /* Sources */ = {
			isa = PBXSourcesBuildPhase;
			buildActionMask = 2147483647;
			files = (
				EC340E2A2A0AE29200BF3059 /* ContentView.swift in Sources */,
				EC340E282A0AE29200BF3059 /* PodcastAppApp.swift in Sources */,
			);
			runOnlyForDeploymentPostprocessing = 0;
		};
		EC340E302A0AE29200BF3059 /* Sources */ = {
			isa = PBXSourcesBuildPhase;
			buildActionMask = 2147483647;
			files = (
				EC340E392A0AE29200BF3059 /* PodcastAppTests.swift in Sources */,
			);
			runOnlyForDeploymentPostprocessing = 0;
		};
		EC340E3A2A0AE29200BF3059 /* Sources */ = {
			isa = PBXSourcesBuildPhase;
			buildActionMask = 2147483647;
			files = (
				EC340E432A0AE29200BF3059 /* PodcastAppUITests.swift in Sources */,
				EC340E452A0AE29200BF3059 /* PodcastAppUITestsLaunchTests.swift in Sources */,
			);
			runOnlyForDeploymentPostprocessing = 0;
		};
/* End PBXSourcesBuildPhase section */

/* Begin PBXTargetDependency section */
		EC340E362A0AE29200BF3059 /* PBXTargetDependency */ = {
			isa = PBXTargetDependency;
			target = EC340E232A0AE29200BF3059 /* PodcastApp */;
			targetProxy = EC340E352A0AE29200BF3059 /* PBXContainerItemProxy */;
		};
		EC340E402A0AE29200BF3059 /* PBXTargetDependency */ = {
			isa = PBXTargetDependency;
			target = EC340E232A0AE29200BF3059 /* PodcastApp */;
			targetProxy = EC340E3F2A0AE29200BF3059 /* PBXContainerItemProxy */;
		};
/* End PBXTargetDependency section */

/* Begin XCBuildConfiguration section */
		EC340E462A0AE29200BF3059 /* Debug */ = {
			isa = XCBuildConfiguration;
			buildSettings = {
				ALWAYS_SEARCH_USER_PATHS = NO;
				CLANG_ANALYZER_NONNULL = YES;
				CLANG_ANALYZER_NUMBER_OBJECT_CONVERSION = YES_AGGRESSIVE;
				CLANG_CXX_LANGUAGE_STANDARD = "gnu++20";
				CLANG_ENABLE_MODULES = YES;
				CLANG_ENABLE_OBJC_ARC = YES;
				CLANG_ENABLE_OBJC_WEAK = YES;
				CLANG_WARN_BLOCK_CAPTURE_AUTORELEASING = YES;
				CLANG_WARN_BOOL_CONVERSION = YES;
				CLANG_WARN_COMMA = YES;
				CLANG_WARN_CONSTANT_CONVERSION = YES;
				CLANG_WARN_DEPRECATED_OBJC_IMPLEMENTATIONS = YES;
				CLANG_WARN_DIRECT_OBJC_ISA_USAGE = YES_ERROR;
				CLANG_WARN_DOCUMENTATION_COMMENTS = YES;
				CLANG_WARN_EMPTY_BODY = YES;
				CLANG_WARN_ENUM_CONVERSION = YES;
				CLANG_WARN_INFINITE_RECURSION = YES;
				CLANG_WARN_INT_CONVERSION = YES;
				CLANG_WARN_NON_LITERAL_NULL_CONVERSION = YES;
				CLANG_WARN_OBJC_IMPLICIT_RETAIN_SELF = YES;
				CLANG_WARN_OBJC_LITERAL_CONVERSION = YES;
				CLANG_WARN_OBJC_ROOT_CLASS = YES_ERROR;
				CLANG_WARN_QUOTED_INCLUDE_IN_FRAMEWORK_HEADER = YES;
				CLANG_WARN_RANGE_LOOP_ANALYSIS = YES;
				CLANG_WARN_STRICT_PROTOTYPES = YES;
				CLANG_WARN_SUSPICIOUS_MOVE = YES;
				CLANG_WARN_UNGUARDED_AVAILABILITY = YES_AGGRESSIVE;
				CLANG_WARN_UNREACHABLE_CODE = YES;
				CLANG_WARN__DUPLICATE_METHOD_MATCH = YES;
				COPY_PHASE_STRIP = NO;
				DEBUG_INFORMATION_FORMAT = dwarf;
				ENABLE_STRICT_OBJC_MSGSEND = YES;
				ENABLE_TESTABILITY = YES;
				GCC_C_LANGUAGE_STANDARD = gnu11;
				GCC_DYNAMIC_NO_PIC = NO;
				GCC_NO_COMMON_BLOCKS = YES;
				GCC_OPTIMIZATION_LEVEL = 0;
				GCC_PREPROCESSOR_DEFINITIONS = (
					"DEBUG=1",
					"$(inherited)",
				);
				GCC_WARN_64_TO_32_BIT_CONVERSION = YES;
				GCC_WARN_ABOUT_RETURN_TYPE = YES_ERROR;
				GCC_WARN_UNDECLARED_SELECTOR = YES;
				GCC_WARN_UNINITIALIZED_AUTOS = YES_AGGRESSIVE;
				GCC_WARN_UNUSED_FUNCTION = YES;
				GCC_WARN_UNUSED_VARIABLE = YES;
				IPHONEOS_DEPLOYMENT_TARGET = 16.1;
				MTL_ENABLE_DEBUG_INFO = INCLUDE_SOURCE;
				MTL_FAST_MATH = YES;
				ONLY_ACTIVE_ARCH = YES;
				SDKROOT = iphoneos;
				SWIFT_ACTIVE_COMPILATION_CONDITIONS = DEBUG;
				SWIFT_OPTIMIZATION_LEVEL = "-Onone";
			};
			name = Debug;
		};
		EC340E472A0AE29200BF3059 /* Release */ = {
			isa = XCBuildConfiguration;
			buildSettings = {
				ALWAYS_SEARCH_USER_PATHS = NO;
				CLANG_ANALYZER_NONNULL = YES;
				CLANG_ANALYZER_NUMBER_OBJECT_CONVERSION = YES_AGGRESSIVE;
				CLANG_CXX_LANGUAGE_STANDARD = "gnu++20";
				CLANG_ENABLE_MODULES = YES;
				CLANG_ENABLE_OBJC_ARC = YES;
				CLANG_ENABLE_OBJC_WEAK = YES;
				CLANG_WARN_BLOCK_CAPTURE_AUTORELEASING = YES;
				CLANG_WARN_BOOL_CONVERSION = YES;
				CLANG_WARN_COMMA = YES;
				CLANG_WARN_CONSTANT_CONVERSION = YES;
				CLANG_WARN_DEPRECATED_OBJC_IMPLEMENTATIONS = YES;
				CLANG_WARN_DIRECT_OBJC_ISA_USAGE = YES_ERROR;
				CLANG_WARN_DOCUMENTATION_COMMENTS = YES;
				CLANG_WARN_EMPTY_BODY = YES;
				CLANG_WARN_ENUM_CONVERSION = YES;
				CLANG_WARN_INFINITE_RECURSION = YES;
				CLANG_WARN_INT_CONVERSION = YES;
				CLANG_WARN_NON_LITERAL_NULL_CONVERSION = YES;
				CLANG_WARN_OBJC_IMPLICIT_RETAIN_SELF = YES;
				CLANG_WARN_OBJC_LITERAL_CONVERSION = YES;
				CLANG_WARN_OBJC_ROOT_CLASS = YES_ERROR;
				CLANG_WARN_QUOTED_INCLUDE_IN_FRAMEWORK_HEADER = YES;
				CLANG_WARN_RANGE_LOOP_ANALYSIS = YES;
				CLANG_WARN_STRICT_PROTOTYPES = YES;
				CLANG_WARN_SUSPICIOUS_MOVE = YES;
				CLANG_WARN_UNGUARDED_AVAILABILITY = YES_AGGRESSIVE;
				CLANG_WARN_UNREACHABLE_CODE = YES;
				CLANG_WARN__DUPLICATE_METHOD_MATCH = YES;
				COPY_PHASE_STRIP = NO;
				DEBUG_INFORMATION_FORMAT = "dwarf-with-dsym";
				ENABLE_NS_ASSERTIONS = NO;
				ENABLE_STRICT_OBJC_MSGSEND = YES;
				GCC_C_LANGUAGE_STANDARD = gnu11;
				GCC_NO_COMMON_BLOCKS = YES;
				GCC_WARN_64_TO_32_BIT_CONVERSION = YES;
				GCC_WARN_ABOUT_RETURN_TYPE = YES_ERROR;
				GCC_WARN_UNDECLARED_SELECTOR = YES;
				GCC_WARN_UNINITIALIZED_AUTOS = YES_AGGRESSIVE;
				GCC_WARN_UNUSED_FUNCTION = YES;
				GCC_WARN_UNUSED_VARIABLE = YES;
				IPHONEOS_DEPLOYMENT_TARGET = 16.1;
				MTL_ENABLE_DEBUG_INFO = NO;
				MTL_FAST_MATH = YES;
				SDKROOT = iphoneos;
				SWIFT_COMPILATION_MODE = wholemodule;
				SWIFT_OPTIMIZATION_LEVEL = "-O";
				VALIDATE_PRODUCT = YES;
			};
			name = Release;
		};
		EC340E492A0AE29200BF3059 /* Debug */ = {
			isa = XCBuildConfiguration;
			buildSettings = {
				ASSETCATALOG_COMPILER_APPICON_NAME = AppIcon;
				ASSETCATALOG_COMPILER_GLOBAL_ACCENT_COLOR_NAME = AccentColor;
				CODE_SIGN_STYLE = Automatic;
				CURRENT_PROJECT_VERSION = 1;
				DEVELOPMENT_ASSET_PATHS = "\"PodcastApp/Preview Content\"";
				ENABLE_PREVIEWS = YES;
				GENERATE_INFOPLIST_FILE = YES;
				INFOPLIST_KEY_UIApplicationSceneManifest_Generation = YES;
				INFOPLIST_KEY_UIApplicationSupportsIndirectInputEvents = YES;
				INFOPLIST_KEY_UILaunchScreen_Generation = YES;
				INFOPLIST_KEY_UISupportedInterfaceOrientations_iPad = "UIInterfaceOrientationPortrait UIInterfaceOrientationPortraitUpsideDown UIInterfaceOrientationLandscapeLeft UIInterfaceOrientationLandscapeRight";
				INFOPLIST_KEY_UISupportedInterfaceOrientations_iPhone = "UIInterfaceOrientationPortrait UIInterfaceOrientationLandscapeLeft UIInterfaceOrientationLandscapeRight";
				LD_RUNPATH_SEARCH_PATHS = (
					"$(inherited)",
					"@executable_path/Frameworks",
				);
				MARKETING_VERSION = 1.0;
				PRODUCT_BUNDLE_IDENTIFIER = fr.uca.iut.PodcastApp;
				PRODUCT_NAME = "$(TARGET_NAME)";
				SWIFT_EMIT_LOC_STRINGS = YES;
				SWIFT_VERSION = 5.0;
				TARGETED_DEVICE_FAMILY = "1,2";
			};
			name = Debug;
		};
		EC340E4A2A0AE29200BF3059 /* Release */ = {
			isa = XCBuildConfiguration;
			buildSettings = {
				ASSETCATALOG_COMPILER_APPICON_NAME = AppIcon;
				ASSETCATALOG_COMPILER_GLOBAL_ACCENT_COLOR_NAME = AccentColor;
				CODE_SIGN_STYLE = Automatic;
				CURRENT_PROJECT_VERSION = 1;
				DEVELOPMENT_ASSET_PATHS = "\"PodcastApp/Preview Content\"";
				ENABLE_PREVIEWS = YES;
				GENERATE_INFOPLIST_FILE = YES;
				INFOPLIST_KEY_UIApplicationSceneManifest_Generation = YES;
				INFOPLIST_KEY_UIApplicationSupportsIndirectInputEvents = YES;
				INFOPLIST_KEY_UILaunchScreen_Generation = YES;
				INFOPLIST_KEY_UISupportedInterfaceOrientations_iPad = "UIInterfaceOrientationPortrait UIInterfaceOrientationPortraitUpsideDown UIInterfaceOrientationLandscapeLeft UIInterfaceOrientationLandscapeRight";
				INFOPLIST_KEY_UISupportedInterfaceOrientations_iPhone = "UIInterfaceOrientationPortrait UIInterfaceOrientationLandscapeLeft UIInterfaceOrientationLandscapeRight";
				LD_RUNPATH_SEARCH_PATHS = (
					"$(inherited)",
					"@executable_path/Frameworks",
				);
				MARKETING_VERSION = 1.0;
				PRODUCT_BUNDLE_IDENTIFIER = fr.uca.iut.PodcastApp;
				PRODUCT_NAME = "$(TARGET_NAME)";
				SWIFT_EMIT_LOC_STRINGS = YES;
				SWIFT_VERSION = 5.0;
				TARGETED_DEVICE_FAMILY = "1,2";
			};
			name = Release;
		};
		EC340E4C2A0AE29200BF3059 /* Debug */ = {
			isa = XCBuildConfiguration;
			buildSettings = {
				ALWAYS_EMBED_SWIFT_STANDARD_LIBRARIES = YES;
				BUNDLE_LOADER = "$(TEST_HOST)";
				CODE_SIGN_STYLE = Automatic;
				CURRENT_PROJECT_VERSION = 1;
				GENERATE_INFOPLIST_FILE = YES;
				IPHONEOS_DEPLOYMENT_TARGET = 16.1;
				MARKETING_VERSION = 1.0;
				PRODUCT_BUNDLE_IDENTIFIER = fr.uca.iut.PodcastAppTests;
				PRODUCT_NAME = "$(TARGET_NAME)";
				SWIFT_EMIT_LOC_STRINGS = NO;
				SWIFT_VERSION = 5.0;
				TARGETED_DEVICE_FAMILY = "1,2";
				TEST_HOST = "$(BUILT_PRODUCTS_DIR)/PodcastApp.app/$(BUNDLE_EXECUTABLE_FOLDER_PATH)/PodcastApp";
			};
			name = Debug;
		};
		EC340E4D2A0AE29200BF3059 /* Release */ = {
			isa = XCBuildConfiguration;
			buildSettings = {
				ALWAYS_EMBED_SWIFT_STANDARD_LIBRARIES = YES;
				BUNDLE_LOADER = "$(TEST_HOST)";
				CODE_SIGN_STYLE = Automatic;
				CURRENT_PROJECT_VERSION = 1;
				GENERATE_INFOPLIST_FILE = YES;
				IPHONEOS_DEPLOYMENT_TARGET = 16.1;
				MARKETING_VERSION = 1.0;
				PRODUCT_BUNDLE_IDENTIFIER = fr.uca.iut.PodcastAppTests;
				PRODUCT_NAME = "$(TARGET_NAME)";
				SWIFT_EMIT_LOC_STRINGS = NO;
				SWIFT_VERSION = 5.0;
				TARGETED_DEVICE_FAMILY = "1,2";
				TEST_HOST = "$(BUILT_PRODUCTS_DIR)/PodcastApp.app/$(BUNDLE_EXECUTABLE_FOLDER_PATH)/PodcastApp";
			};
			name = Release;
		};
		EC340E4F2A0AE29200BF3059 /* Debug */ = {
			isa = XCBuildConfiguration;
			buildSettings = {
				ALWAYS_EMBED_SWIFT_STANDARD_LIBRARIES = YES;
				CODE_SIGN_STYLE = Automatic;
				CURRENT_PROJECT_VERSION = 1;
				GENERATE_INFOPLIST_FILE = YES;
				MARKETING_VERSION = 1.0;
				PRODUCT_BUNDLE_IDENTIFIER = fr.uca.iut.PodcastAppUITests;
				PRODUCT_NAME = "$(TARGET_NAME)";
				SWIFT_EMIT_LOC_STRINGS = NO;
				SWIFT_VERSION = 5.0;
				TARGETED_DEVICE_FAMILY = "1,2";
				TEST_TARGET_NAME = PodcastApp;
			};
			name = Debug;
		};
		EC340E502A0AE29200BF3059 /* Release */ = {
			isa = XCBuildConfiguration;
			buildSettings = {
				ALWAYS_EMBED_SWIFT_STANDARD_LIBRARIES = YES;
				CODE_SIGN_STYLE = Automatic;
				CURRENT_PROJECT_VERSION = 1;
				GENERATE_INFOPLIST_FILE = YES;
				MARKETING_VERSION = 1.0;
				PRODUCT_BUNDLE_IDENTIFIER = fr.uca.iut.PodcastAppUITests;
				PRODUCT_NAME = "$(TARGET_NAME)";
				SWIFT_EMIT_LOC_STRINGS = NO;
				SWIFT_VERSION = 5.0;
				TARGETED_DEVICE_FAMILY = "1,2";
				TEST_TARGET_NAME = PodcastApp;
			};
			name = Release;
		};
/* End XCBuildConfiguration section */

/* Begin XCConfigurationList section */
		EC340E1F2A0AE29200BF3059 /* Build configuration list for PBXProject "PodcastApp" */ = {
			isa = XCConfigurationList;
			buildConfigurations = (
				EC340E462A0AE29200BF3059 /* Debug */,
				EC340E472A0AE29200BF3059 /* Release */,
			);
			defaultConfigurationIsVisible = 0;
			defaultConfigurationName = Release;
		};
		EC340E482A0AE29200BF3059 /* Build configuration list for PBXNativeTarget "PodcastApp" */ = {
			isa = XCConfigurationList;
			buildConfigurations = (
				EC340E492A0AE29200BF3059 /* Debug */,
				EC340E4A2A0AE29200BF3059 /* Release */,
			);
			defaultConfigurationIsVisible = 0;
			defaultConfigurationName = Release;
		};
		EC340E4B2A0AE29200BF3059 /* Build configuration list for PBXNativeTarget "PodcastAppTests" */ = {
			isa = XCConfigurationList;
			buildConfigurations = (
				EC340E4C2A0AE29200BF3059 /* Debug */,
				EC340E4D2A0AE29200BF3059 /* Release */,
			);
			defaultConfigurationIsVisible = 0;
			defaultConfigurationName = Release;
		};
		EC340E4E2A0AE29200BF3059 /* Build configuration list for PBXNativeTarget "PodcastAppUITests" */ = {
			isa = XCConfigurationList;
			buildConfigurations = (
				EC340E4F2A0AE29200BF3059 /* Debug */,
				EC340E502A0AE29200BF3059 /* Release */,
			);
			defaultConfigurationIsVisible = 0;
			defaultConfigurationName = Release;
		};
/* End XCConfigurationList section */
	};
	rootObject = EC340E1C2A0AE29200BF3059 /* Project object */;
}
